
Microsoft Visual Studio Solution File, Format Version 12.00
# Visual Studio 15
VisualStudioVersion = 15.0.27703.2035
MinimumVisualStudioVersion = 10.0.40219.1
Project("{9A19103F-16F7-4668-BE54-9A1E7A4F7556}") = "ChildJack", "ChildJack\ChildJack.csproj", "{2D780819-8360-45E3-8233-8D07F70B1D79}"
EndProject
Project("{9A19103F-16F7-4668-BE54-9A1E7A4F7556}") = "ReduxOne", "ReduxOne\ReduxOne.csproj", "{1C1705DC-9968-4F1B-991A-CD578CD431DE}"
EndProject
Project("{FAE04EC0-301F-11D3-BF4B-00C04F79EFBC}") = "ChildData", "ChildData\ChildData.csproj", "{90B85C55-7B46-4A19-B56D-05F60AB55078}"
EndProject
Global
	GlobalSection(SolutionConfigurationPlatforms) = preSolution
		Debug|Any CPU = Debug|Any CPU
		Release|Any CPU = Release|Any CPU
	EndGlobalSection
	GlobalSection(ProjectConfigurationPlatforms) = postSolution
		{2D780819-8360-45E3-8233-8D07F70B1D79}.Debug|Any CPU.ActiveCfg = Debug|Any CPU
		{2D780819-8360-45E3-8233-8D07F70B1D79}.Debug|Any CPU.Build.0 = Debug|Any CPU
		{2D780819-8360-45E3-8233-8D07F70B1D79}.Release|Any CPU.ActiveCfg = Release|Any CPU
		{2D780819-8360-45E3-8233-8D07F70B1D79}.Release|Any CPU.Build.0 = Release|Any CPU
		{1C1705DC-9968-4F1B-991A-CD578CD431DE}.Debug|Any CPU.ActiveCfg = Debug|Any CPU
		{1C1705DC-9968-4F1B-991A-CD578CD431DE}.Debug|Any CPU.Build.0 = Debug|Any CPU
		{1C1705DC-9968-4F1B-991A-CD578CD431DE}.Release|Any CPU.ActiveCfg = Release|Any CPU
		{1C1705DC-9968-4F1B-991A-CD578CD431DE}.Release|Any CPU.Build.0 = Release|Any CPU
		{90B85C55-7B46-4A19-B56D-05F60AB55078}.Debug|Any CPU.ActiveCfg = Debug|Any CPU
		{90B85C55-7B46-4A19-B56D-05F60AB55078}.Debug|Any CPU.Build.0 = Debug|Any CPU
		{90B85C55-7B46-4A19-B56D-05F60AB55078}.Release|Any CPU.ActiveCfg = Release|Any CPU
		{90B85C55-7B46-4A19-B56D-05F60AB55078}.Release|Any CPU.Build.0 = Release|Any CPU
	EndGlobalSection
	GlobalSection(SolutionProperties) = preSolution
		HideSolutionNode = FALSE
	EndGlobalSection
	GlobalSection(ExtensibilityGlobals) = postSolution
		SolutionGuid = {ADEC04A3-4898-4706-BF34-4BAD48AC9BFA}
	EndGlobalSection
EndGlobal
